
Microsoft Visual Studio Solution File, Format Version 12.00
# Visual Studio Version 17
VisualStudioVersion = 17.10.35027.167
MinimumVisualStudioVersion = 10.0.40219.1
Project("{FAE04EC0-301F-11D3-BF4B-00C04F79EFBC}") = "StudentPortel.Web", "StudentPortel.Web\StudentPortel.Web.csproj", "{77AC71F6-6822-414D-8DD2-71EEF65FA1DE}"
EndProject
Global
	GlobalSection(SolutionConfigurationPlatforms) = preSolution
		Debug|Any CPU = Debug|Any CPU
		Release|Any CPU = Release|Any CPU
	EndGlobalSection
	GlobalSection(ProjectConfigurationPlatforms) = postSolution
		{77AC71F6-6822-414D-8DD2-71EEF65FA1DE}.Debug|Any CPU.ActiveCfg = Debug|Any CPU
		{77AC71F6-6822-414D-8DD2-71EEF65FA1DE}.Debug|Any CPU.Build.0 = Debug|Any CPU
		{77AC71F6-6822-414D-8DD2-71EEF65FA1DE}.Release|Any CPU.ActiveCfg = Release|Any CPU
		{77AC71F6-6822-414D-8DD2-71EEF65FA1DE}.Release|Any CPU.Build.0 = Release|Any CPU
	EndGlobalSection
	GlobalSection(SolutionProperties) = preSolution
		HideSolutionNode = FALSE
	EndGlobalSection
	GlobalSection(ExtensibilityGlobals) = postSolution
		SolutionGuid = {26C60C35-EC76-4A42-BF9E-119489EA9B4B}
	EndGlobalSection
EndGlobal
